
Microsoft Visual Studio Solution File, Format Version 12.00
# Visual Studio 15
VisualStudioVersion = 15.0.27130.2026
MinimumVisualStudioVersion = 10.0.40219.1
Project("{FAE04EC0-301F-11D3-BF4B-00C04F79EFBC}") = "ProgettoFineCorso.Android", "ProgettoFineCorso\ProgettoFineCorso.Android\ProgettoFineCorso.Android.csproj", "{21E5E17D-1673-4CD0-AB62-EB913DB7D69D}"
EndProject
Project("{FAE04EC0-301F-11D3-BF4B-00C04F79EFBC}") = "ProgettoFineCorso.iOS", "ProgettoFineCorso\ProgettoFineCorso.iOS\ProgettoFineCorso.iOS.csproj", "{09560242-885E-44FC-BD61-69E3CBDF06EA}"
EndProject
Project("{FAE04EC0-301F-11D3-BF4B-00C04F79EFBC}") = "ProgettoFineCorso.UWP", "ProgettoFineCorso\ProgettoFineCorso.UWP\ProgettoFineCorso.UWP.csproj", "{4AD1A33E-D1CC-4F01-B194-F9DCD1ECF71B}"
EndProject
Project("{FAE04EC0-301F-11D3-BF4B-00C04F79EFBC}") = "ProgettoFineCorso", "ProgettoFineCorso\ProgettoFineCorso\ProgettoFineCorso.csproj", "{DD46C358-E251-418E-9DC7-B31C3BC9D4E7}"
EndProject
Global
	GlobalSection(SolutionConfigurationPlatforms) = preSolution
		Ad-Hoc|Any CPU = Ad-Hoc|Any CPU
		Ad-Hoc|ARM = Ad-Hoc|ARM
		Ad-Hoc|iPhone = Ad-Hoc|iPhone
		Ad-Hoc|iPhoneSimulator = Ad-Hoc|iPhoneSimulator
		Ad-Hoc|x64 = Ad-Hoc|x64
		Ad-Hoc|x86 = Ad-Hoc|x86
		AppStore|Any CPU = AppStore|Any CPU
		AppStore|ARM = AppStore|ARM
		AppStore|iPhone = AppStore|iPhone
		AppStore|iPhoneSimulator = AppStore|iPhoneSimulator
		AppStore|x64 = AppStore|x64
		AppStore|x86 = AppStore|x86
		Debug|Any CPU = Debug|Any CPU
		Debug|ARM = Debug|ARM
		Debug|iPhone = Debug|iPhone
		Debug|iPhoneSimulator = Debug|iPhoneSimulator
		Debug|x64 = Debug|x64
		Debug|x86 = Debug|x86
		Release|Any CPU = Release|Any CPU
		Release|ARM = Release|ARM
		Release|iPhone = Release|iPhone
		Release|iPhoneSimulator = Release|iPhoneSimulator
		Release|x64 = Release|x64
		Release|x86 = Release|x86
	EndGlobalSection
	GlobalSection(ProjectConfigurationPlatforms) = postSolution
		{21E5E17D-1673-4CD0-AB62-EB913DB7D69D}.Ad-Hoc|Any CPU.ActiveCfg = Release|Any CPU
		{21E5E17D-1673-4CD0-AB62-EB913DB7D69D}.Ad-Hoc|Any CPU.Build.0 = Release|Any CPU
		{21E5E17D-1673-4CD0-AB62-EB913DB7D69D}.Ad-Hoc|Any CPU.Deploy.0 = Release|Any CPU
		{21E5E17D-1673-4CD0-AB62-EB913DB7D69D}.Ad-Hoc|ARM.ActiveCfg = Release|Any CPU
		{21E5E17D-1673-4CD0-AB62-EB913DB7D69D}.Ad-Hoc|ARM.Build.0 = Release|Any CPU
		{21E5E17D-1673-4CD0-AB62-EB913DB7D69D}.Ad-Hoc|ARM.Deploy.0 = Release|Any CPU
		{21E5E17D-1673-4CD0-AB62-EB913DB7D69D}.Ad-Hoc|iPhone.ActiveCfg = Release|Any CPU
		{21E5E17D-1673-4CD0-AB62-EB913DB7D69D}.Ad-Hoc|iPhone.Build.0 = Release|Any CPU
		{21E5E17D-1673-4CD0-AB62-EB913DB7D69D}.Ad-Hoc|iPhone.Deploy.0 = Release|Any CPU
		{21E5E17D-1673-4CD0-AB62-EB913DB7D69D}.Ad-Hoc|iPhoneSimulator.ActiveCfg = Release|Any CPU
		{21E5E17D-1673-4CD0-AB62-EB913DB7D69D}.Ad-Hoc|iPhoneSimulator.Build.0 = Release|Any CPU
		{21E5E17D-1673-4CD0-AB62-EB913DB7D69D}.Ad-Hoc|iPhoneSimulator.Deploy.0 = Release|Any CPU
		{21E5E17D-1673-4CD0-AB62-EB913DB7D69D}.Ad-Hoc|x64.ActiveCfg = Release|Any CPU
		{21E5E17D-1673-4CD0-AB62-EB913DB7D69D}.Ad-Hoc|x64.Build.0 = Release|Any CPU
		{21E5E17D-1673-4CD0-AB62-EB913DB7D69D}.Ad-Hoc|x64.Deploy.0 = Release|Any CPU
		{21E5E17D-1673-4CD0-AB62-EB913DB7D69D}.Ad-Hoc|x86.ActiveCfg = Release|Any CPU
		{21E5E17D-1673-4CD0-AB62-EB913DB7D69D}.Ad-Hoc|x86.Build.0 = Release|Any CPU
		{21E5E17D-1673-4CD0-AB62-EB913DB7D69D}.Ad-Hoc|x86.Deploy.0 = Release|Any CPU
		{21E5E17D-1673-4CD0-AB62-EB913DB7D69D}.AppStore|Any CPU.ActiveCfg = Release|Any CPU
		{21E5E17D-1673-4CD0-AB62-EB913DB7D69D}.AppStore|Any CPU.Build.0 = Release|Any CPU
		{21E5E17D-1673-4CD0-AB62-EB913DB7D69D}.AppStore|Any CPU.Deploy.0 = Release|Any CPU
		{21E5E17D-1673-4CD0-AB62-EB913DB7D69D}.AppStore|ARM.ActiveCfg = Release|Any CPU
		{21E5E17D-1673-4CD0-AB62-EB913DB7D69D}.AppStore|ARM.Build.0 = Release|Any CPU
		{21E5E17D-1673-4CD0-AB62-EB913DB7D69D}.AppStore|ARM.Deploy.0 = Release|Any CPU
		{21E5E17D-1673-4CD0-AB62-EB913DB7D69D}.AppStore|iPhone.ActiveCfg = Release|Any CPU
		{21E5E17D-1673-4CD0-AB62-EB913DB7D69D}.AppStore|iPhone.Build.0 = Release|Any CPU
		{21E5E17D-1673-4CD0-AB62-EB913DB7D69D}.AppStore|iPhone.Deploy.0 = Release|Any CPU
		{21E5E17D-1673-4CD0-AB62-EB913DB7D69D}.AppStore|iPhoneSimulator.ActiveCfg = Release|Any CPU
		{21E5E17D-1673-4CD0-AB62-EB913DB7D69D}.AppStore|iPhoneSimulator.Build.0 = Release|Any CPU
		{21E5E17D-1673-4CD0-AB62-EB913DB7D69D}.AppStore|iPhoneSimulator.Deploy.0 = Release|Any CPU
		{21E5E17D-1673-4CD0-AB62-EB913DB7D69D}.AppStore|x64.ActiveCfg = Release|Any CPU
		{21E5E17D-1673-4CD0-AB62-EB913DB7D69D}.AppStore|x64.Build.0 = Release|Any CPU
		{21E5E17D-1673-4CD0-AB62-EB913DB7D69D}.AppStore|x64.Deploy.0 = Release|Any CPU
		{21E5E17D-1673-4CD0-AB62-EB913DB7D69D}.AppStore|x86.ActiveCfg = Release|Any CPU
		{21E5E17D-1673-4CD0-AB62-EB913DB7D69D}.AppStore|x86.Build.0 = Release|Any CPU
		{21E5E17D-1673-4CD0-AB62-EB913DB7D69D}.AppStore|x86.Deploy.0 = Release|Any CPU
		{21E5E17D-1673-4CD0-AB62-EB913DB7D69D}.Debug|Any CPU.ActiveCfg = Debug|Any CPU
		{21E5E17D-1673-4CD0-AB62-EB913DB7D69D}.Debug|Any CPU.Build.0 = Debug|Any CPU
		{21E5E17D-1673-4CD0-AB62-EB913DB7D69D}.Debug|Any CPU.Deploy.0 = Debug|Any CPU
		{21E5E17D-1673-4CD0-AB62-EB913DB7D69D}.Debug|ARM.ActiveCfg = Debug|Any CPU
		{21E5E17D-1673-4CD0-AB62-EB913DB7D69D}.Debug|ARM.Build.0 = Debug|Any CPU
		{21E5E17D-1673-4CD0-AB62-EB913DB7D69D}.Debug|ARM.Deploy.0 = Debug|Any CPU
		{21E5E17D-1673-4CD0-AB62-EB913DB7D69D}.Debug|iPhone.ActiveCfg = Debug|Any CPU
		{21E5E17D-1673-4CD0-AB62-EB913DB7D69D}.Debug|iPhone.Build.0 = Debug|Any CPU
		{21E5E17D-1673-4CD0-AB62-EB913DB7D69D}.Debug|iPhone.Deploy.0 = Debug|Any CPU
		{21E5E17D-1673-4CD0-AB62-EB913DB7D69D}.Debug|iPhoneSimulator.ActiveCfg = Debug|Any CPU
		{21E5E17D-1673-4CD0-AB62-EB913DB7D69D}.Debug|iPhoneSimulator.Build.0 = Debug|Any CPU
		{21E5E17D-1673-4CD0-AB62-EB913DB7D69D}.Debug|iPhoneSimulator.Deploy.0 = Debug|Any CPU
		{21E5E17D-1673-4CD0-AB62-EB913DB7D69D}.Debug|x64.ActiveCfg = Debug|Any CPU
		{21E5E17D-1673-4CD0-AB62-EB913DB7D69D}.Debug|x64.Build.0 = Debug|Any CPU
		{21E5E17D-1673-4CD0-AB62-EB913DB7D69D}.Debug|x64.Deploy.0 = Debug|Any CPU
		{21E5E17D-1673-4CD0-AB62-EB913DB7D69D}.Debug|x86.ActiveCfg = Debug|Any CPU
		{21E5E17D-1673-4CD0-AB62-EB913DB7D69D}.Debug|x86.Build.0 = Debug|Any CPU
		{21E5E17D-1673-4CD0-AB62-EB913DB7D69D}.Debug|x86.Deploy.0 = Debug|Any CPU
		{21E5E17D-1673-4CD0-AB62-EB913DB7D69D}.Release|Any CPU.ActiveCfg = Release|Any CPU
		{21E5E17D-1673-4CD0-AB62-EB913DB7D69D}.Release|Any CPU.Build.0 = Release|Any CPU
		{21E5E17D-1673-4CD0-AB62-EB913DB7D69D}.Release|Any CPU.Deploy.0 = Release|Any CPU
		{21E5E17D-1673-4CD0-AB62-EB913DB7D69D}.Release|ARM.ActiveCfg = Release|Any CPU
		{21E5E17D-1673-4CD0-AB62-EB913DB7D69D}.Release|ARM.Build.0 = Release|Any CPU
		{21E5E17D-1673-4CD0-AB62-EB913DB7D69D}.Release|ARM.Deploy.0 = Release|Any CPU
		{21E5E17D-1673-4CD0-AB62-EB913DB7D69D}.Release|iPhone.ActiveCfg = Release|Any CPU
		{21E5E17D-1673-4CD0-AB62-EB913DB7D69D}.Release|iPhone.Build.0 = Release|Any CPU
		{21E5E17D-1673-4CD0-AB62-EB913DB7D69D}.Release|iPhone.Deploy.0 = Release|Any CPU
		{21E5E17D-1673-4CD0-AB62-EB913DB7D69D}.Release|iPhoneSimulator.ActiveCfg = Release|Any CPU
		{21E5E17D-1673-4CD0-AB62-EB913DB7D69D}.Release|iPhoneSimulator.Build.0 = Release|Any CPU
		{21E5E17D-1673-4CD0-AB62-EB913DB7D69D}.Release|iPhoneSimulator.Deploy.0 = Release|Any CPU
		{21E5E17D-1673-4CD0-AB62-EB913DB7D69D}.Release|x64.ActiveCfg = Release|Any CPU
		{21E5E17D-1673-4CD0-AB62-EB913DB7D69D}.Release|x64.Build.0 = Release|Any CPU
		{21E5E17D-1673-4CD0-AB62-EB913DB7D69D}.Release|x64.Deploy.0 = Release|Any CPU
		{21E5E17D-1673-4CD0-AB62-EB913DB7D69D}.Release|x86.ActiveCfg = Release|Any CPU
		{21E5E17D-1673-4CD0-AB62-EB913DB7D69D}.Release|x86.Build.0 = Release|Any CPU
		{21E5E17D-1673-4CD0-AB62-EB913DB7D69D}.Release|x86.Deploy.0 = Release|Any CPU
		{09560242-885E-44FC-BD61-69E3CBDF06EA}.Ad-Hoc|Any CPU.ActiveCfg = Ad-Hoc|iPhone
		{09560242-885E-44FC-BD61-69E3CBDF06EA}.Ad-Hoc|ARM.ActiveCfg = Ad-Hoc|iPhone
		{09560242-885E-44FC-BD61-69E3CBDF06EA}.Ad-Hoc|iPhone.ActiveCfg = Ad-Hoc|iPhone
		{09560242-885E-44FC-BD61-69E3CBDF06EA}.Ad-Hoc|iPhone.Build.0 = Ad-Hoc|iPhone
		{09560242-885E-44FC-BD61-69E3CBDF06EA}.Ad-Hoc|iPhoneSimulator.ActiveCfg = Ad-Hoc|iPhoneSimulator
		{09560242-885E-44FC-BD61-69E3CBDF06EA}.Ad-Hoc|iPhoneSimulator.Build.0 = Ad-Hoc|iPhoneSimulator
		{09560242-885E-44FC-BD61-69E3CBDF06EA}.Ad-Hoc|x64.ActiveCfg = Ad-Hoc|iPhone
		{09560242-885E-44FC-BD61-69E3CBDF06EA}.Ad-Hoc|x86.ActiveCfg = Ad-Hoc|iPhone
		{09560242-885E-44FC-BD61-69E3CBDF06EA}.AppStore|Any CPU.ActiveCfg = AppStore|iPhone
		{09560242-885E-44FC-BD61-69E3CBDF06EA}.AppStore|ARM.ActiveCfg = AppStore|iPhone
		{09560242-885E-44FC-BD61-69E3CBDF06EA}.AppStore|iPhone.ActiveCfg = AppStore|iPhone
		{09560242-885E-44FC-BD61-69E3CBDF06EA}.AppStore|iPhone.Build.0 = AppStore|iPhone
		{09560242-885E-44FC-BD61-69E3CBDF06EA}.AppStore|iPhoneSimulator.ActiveCfg = AppStore|iPhoneSimulator
		{09560242-885E-44FC-BD61-69E3CBDF06EA}.AppStore|iPhoneSimulator.Build.0 = AppStore|iPhoneSimulator
		{09560242-885E-44FC-BD61-69E3CBDF06EA}.AppStore|x64.ActiveCfg = AppStore|iPhone
		{09560242-885E-44FC-BD61-69E3CBDF06EA}.AppStore|x86.ActiveCfg = AppStore|iPhone
		{09560242-885E-44FC-BD61-69E3CBDF06EA}.Debug|Any CPU.ActiveCfg = Debug|iPhone
		{09560242-885E-44FC-BD61-69E3CBDF06EA}.Debug|ARM.ActiveCfg = Debug|iPhone
		{09560242-885E-44FC-BD61-69E3CBDF06EA}.Debug|iPhone.ActiveCfg = Debug|iPhone
		{09560242-885E-44FC-BD61-69E3CBDF06EA}.Debug|iPhone.Build.0 = Debug|iPhone
		{09560242-885E-44FC-BD61-69E3CBDF06EA}.Debug|iPhoneSimulator.ActiveCfg = Debug|iPhoneSimulator
		{09560242-885E-44FC-BD61-69E3CBDF06EA}.Debug|iPhoneSimulator.Build.0 = Debug|iPhoneSimulator
		{09560242-885E-44FC-BD61-69E3CBDF06EA}.Debug|x64.ActiveCfg = Debug|iPhone
		{09560242-885E-44FC-BD61-69E3CBDF06EA}.Debug|x86.ActiveCfg = Debug|iPhone
		{09560242-885E-44FC-BD61-69E3CBDF06EA}.Release|Any CPU.ActiveCfg = Release|iPhone
		{09560242-885E-44FC-BD61-69E3CBDF06EA}.Release|ARM.ActiveCfg = Release|iPhone
		{09560242-885E-44FC-BD61-69E3CBDF06EA}.Release|iPhone.ActiveCfg = Release|iPhone
		{09560242-885E-44FC-BD61-69E3CBDF06EA}.Release|iPhone.Build.0 = Release|iPhone
		{09560242-885E-44FC-BD61-69E3CBDF06EA}.Release|iPhoneSimulator.ActiveCfg = Release|iPhoneSimulator
		{09560242-885E-44FC-BD61-69E3CBDF06EA}.Release|iPhoneSimulator.Build.0 = Release|iPhoneSimulator
		{09560242-885E-44FC-BD61-69E3CBDF06EA}.Release|x64.ActiveCfg = Release|iPhone
		{09560242-885E-44FC-BD61-69E3CBDF06EA}.Release|x86.ActiveCfg = Release|iPhone
		{4AD1A33E-D1CC-4F01-B194-F9DCD1ECF71B}.Ad-Hoc|Any CPU.ActiveCfg = Release|x86
		{4AD1A33E-D1CC-4F01-B194-F9DCD1ECF71B}.Ad-Hoc|Any CPU.Build.0 = Release|x86
		{4AD1A33E-D1CC-4F01-B194-F9DCD1ECF71B}.Ad-Hoc|Any CPU.Deploy.0 = Release|x86
		{4AD1A33E-D1CC-4F01-B194-F9DCD1ECF71B}.Ad-Hoc|ARM.ActiveCfg = Release|ARM
		{4AD1A33E-D1CC-4F01-B194-F9DCD1ECF71B}.Ad-Hoc|ARM.Build.0 = Release|ARM
		{4AD1A33E-D1CC-4F01-B194-F9DCD1ECF71B}.Ad-Hoc|ARM.Deploy.0 = Release|ARM
		{4AD1A33E-D1CC-4F01-B194-F9DCD1ECF71B}.Ad-Hoc|iPhone.ActiveCfg = Release|x86
		{4AD1A33E-D1CC-4F01-B194-F9DCD1ECF71B}.Ad-Hoc|iPhone.Build.0 = Release|x86
		{4AD1A33E-D1CC-4F01-B194-F9DCD1ECF71B}.Ad-Hoc|iPhone.Deploy.0 = Release|x86
		{4AD1A33E-D1CC-4F01-B194-F9DCD1ECF71B}.Ad-Hoc|iPhoneSimulator.ActiveCfg = Release|x86
		{4AD1A33E-D1CC-4F01-B194-F9DCD1ECF71B}.Ad-Hoc|iPhoneSimulator.Build.0 = Release|x86
		{4AD1A33E-D1CC-4F01-B194-F9DCD1ECF71B}.Ad-Hoc|iPhoneSimulator.Deploy.0 = Release|x86
		{4AD1A33E-D1CC-4F01-B194-F9DCD1ECF71B}.Ad-Hoc|x64.ActiveCfg = Release|x64
		{4AD1A33E-D1CC-4F01-B194-F9DCD1ECF71B}.Ad-Hoc|x64.Build.0 = Release|x64
		{4AD1A33E-D1CC-4F01-B194-F9DCD1ECF71B}.Ad-Hoc|x64.Deploy.0 = Release|x64
		{4AD1A33E-D1CC-4F01-B194-F9DCD1ECF71B}.Ad-Hoc|x86.ActiveCfg = Release|x86
		{4AD1A33E-D1CC-4F01-B194-F9DCD1ECF71B}.Ad-Hoc|x86.Build.0 = Release|x86
		{4AD1A33E-D1CC-4F01-B194-F9DCD1ECF71B}.Ad-Hoc|x86.Deploy.0 = Release|x86
		{4AD1A33E-D1CC-4F01-B194-F9DCD1ECF71B}.AppStore|Any CPU.ActiveCfg = Release|x86
		{4AD1A33E-D1CC-4F01-B194-F9DCD1ECF71B}.AppStore|Any CPU.Build.0 = Release|x86
		{4AD1A33E-D1CC-4F01-B194-F9DCD1ECF71B}.AppStore|Any CPU.Deploy.0 = Release|x86
		{4AD1A33E-D1CC-4F01-B194-F9DCD1ECF71B}.AppStore|ARM.ActiveCfg = Release|ARM
		{4AD1A33E-D1CC-4F01-B194-F9DCD1ECF71B}.AppStore|ARM.Build.0 = Release|ARM
		{4AD1A33E-D1CC-4F01-B194-F9DCD1ECF71B}.AppStore|ARM.Deploy.0 = Release|ARM
		{4AD1A33E-D1CC-4F01-B194-F9DCD1ECF71B}.AppStore|iPhone.ActiveCfg = Release|x86
		{4AD1A33E-D1CC-4F01-B194-F9DCD1ECF71B}.AppStore|iPhone.Build.0 = Release|x86
		{4AD1A33E-D1CC-4F01-B194-F9DCD1ECF71B}.AppStore|iPhone.Deploy.0 = Release|x86
		{4AD1A33E-D1CC-4F01-B194-F9DCD1ECF71B}.AppStore|iPhoneSimulator.ActiveCfg = Release|x86
		{4AD1A33E-D1CC-4F01-B194-F9DCD1ECF71B}.AppStore|iPhoneSimulator.Build.0 = Release|x86
		{4AD1A33E-D1CC-4F01-B194-F9DCD1ECF71B}.AppStore|iPhoneSimulator.Deploy.0 = Release|x86
		{4AD1A33E-D1CC-4F01-B194-F9DCD1ECF71B}.AppStore|x64.ActiveCfg = Release|x64
		{4AD1A33E-D1CC-4F01-B194-F9DCD1ECF71B}.AppStore|x64.Build.0 = Release|x64
		{4AD1A33E-D1CC-4F01-B194-F9DCD1ECF71B}.AppStore|x64.Deploy.0 = Release|x64
		{4AD1A33E-D1CC-4F01-B194-F9DCD1ECF71B}.AppStore|x86.ActiveCfg = Release|x86
		{4AD1A33E-D1CC-4F01-B194-F9DCD1ECF71B}.AppStore|x86.Build.0 = Release|x86
		{4AD1A33E-D1CC-4F01-B194-F9DCD1ECF71B}.AppStore|x86.Deploy.0 = Release|x86
		{4AD1A33E-D1CC-4F01-B194-F9DCD1ECF71B}.Debug|Any CPU.ActiveCfg = Debug|x86
		{4AD1A33E-D1CC-4F01-B194-F9DCD1ECF71B}.Debug|ARM.ActiveCfg = Debug|ARM
		{4AD1A33E-D1CC-4F01-B194-F9DCD1ECF71B}.Debug|ARM.Build.0 = Debug|ARM
		{4AD1A33E-D1CC-4F01-B194-F9DCD1ECF71B}.Debug|ARM.Deploy.0 = Debug|ARM
		{4AD1A33E-D1CC-4F01-B194-F9DCD1ECF71B}.Debug|iPhone.ActiveCfg = Debug|x86
		{4AD1A33E-D1CC-4F01-B194-F9DCD1ECF71B}.Debug|iPhoneSimulator.ActiveCfg = Debug|x86
		{4AD1A33E-D1CC-4F01-B194-F9DCD1ECF71B}.Debug|x64.ActiveCfg = Debug|x64
		{4AD1A33E-D1CC-4F01-B194-F9DCD1ECF71B}.Debug|x64.Build.0 = Debug|x64
		{4AD1A33E-D1CC-4F01-B194-F9DCD1ECF71B}.Debug|x64.Deploy.0 = Debug|x64
		{4AD1A33E-D1CC-4F01-B194-F9DCD1ECF71B}.Debug|x86.ActiveCfg = Debug|x86
		{4AD1A33E-D1CC-4F01-B194-F9DCD1ECF71B}.Debug|x86.Build.0 = Debug|x86
		{4AD1A33E-D1CC-4F01-B194-F9DCD1ECF71B}.Debug|x86.Deploy.0 = Debug|x86
		{4AD1A33E-D1CC-4F01-B194-F9DCD1ECF71B}.Release|Any CPU.ActiveCfg = Release|x86
		{4AD1A33E-D1CC-4F01-B194-F9DCD1ECF71B}.Release|ARM.ActiveCfg = Release|ARM
		{4AD1A33E-D1CC-4F01-B194-F9DCD1ECF71B}.Release|ARM.Build.0 = Release|ARM
		{4AD1A33E-D1CC-4F01-B194-F9DCD1ECF71B}.Release|ARM.Deploy.0 = Release|ARM
		{4AD1A33E-D1CC-4F01-B194-F9DCD1ECF71B}.Release|iPhone.ActiveCfg = Release|x86
		{4AD1A33E-D1CC-4F01-B194-F9DCD1ECF71B}.Release|iPhoneSimulator.ActiveCfg = Release|x86
		{4AD1A33E-D1CC-4F01-B194-F9DCD1ECF71B}.Release|x64.ActiveCfg = Release|x64
		{4AD1A33E-D1CC-4F01-B194-F9DCD1ECF71B}.Release|x64.Build.0 = Release|x64
		{4AD1A33E-D1CC-4F01-B194-F9DCD1ECF71B}.Release|x64.Deploy.0 = Release|x64
		{4AD1A33E-D1CC-4F01-B194-F9DCD1ECF71B}.Release|x86.ActiveCfg = Release|x86
		{4AD1A33E-D1CC-4F01-B194-F9DCD1ECF71B}.Release|x86.Build.0 = Release|x86
		{4AD1A33E-D1CC-4F01-B194-F9DCD1ECF71B}.Release|x86.Deploy.0 = Release|x86
		{DD46C358-E251-418E-9DC7-B31C3BC9D4E7}.Ad-Hoc|Any CPU.ActiveCfg = Debug|Any CPU
		{DD46C358-E251-418E-9DC7-B31C3BC9D4E7}.Ad-Hoc|Any CPU.Build.0 = Debug|Any CPU
		{DD46C358-E251-418E-9DC7-B31C3BC9D4E7}.Ad-Hoc|ARM.ActiveCfg = Debug|Any CPU
		{DD46C358-E251-418E-9DC7-B31C3BC9D4E7}.Ad-Hoc|ARM.Build.0 = Debug|Any CPU
		{DD46C358-E251-418E-9DC7-B31C3BC9D4E7}.Ad-Hoc|iPhone.ActiveCfg = Debug|Any CPU
		{DD46C358-E251-418E-9DC7-B31C3BC9D4E7}.Ad-Hoc|iPhone.Build.0 = Debug|Any CPU
		{DD46C358-E251-418E-9DC7-B31C3BC9D4E7}.Ad-Hoc|iPhoneSimulator.ActiveCfg = Debug|Any CPU
		{DD46C358-E251-418E-9DC7-B31C3BC9D4E7}.Ad-Hoc|iPhoneSimulator.Build.0 = Debug|Any CPU
		{DD46C358-E251-418E-9DC7-B31C3BC9D4E7}.Ad-Hoc|x64.ActiveCfg = Debug|Any CPU
		{DD46C358-E251-418E-9DC7-B31C3BC9D4E7}.Ad-Hoc|x64.Build.0 = Debug|Any CPU
		{DD46C358-E251-418E-9DC7-B31C3BC9D4E7}.Ad-Hoc|x86.ActiveCfg = Debug|Any CPU
		{DD46C358-E251-418E-9DC7-B31C3BC9D4E7}.Ad-Hoc|x86.Build.0 = Debug|Any CPU
		{DD46C358-E251-418E-9DC7-B31C3BC9D4E7}.AppStore|Any CPU.ActiveCfg = Debug|Any CPU
		{DD46C358-E251-418E-9DC7-B31C3BC9D4E7}.AppStore|Any CPU.Build.0 = Debug|Any CPU
		{DD46C358-E251-418E-9DC7-B31C3BC9D4E7}.AppStore|ARM.ActiveCfg = Debug|Any CPU
		{DD46C358-E251-418E-9DC7-B31C3BC9D4E7}.AppStore|ARM.Build.0 = Debug|Any CPU
		{DD46C358-E251-418E-9DC7-B31C3BC9D4E7}.AppStore|iPhone.ActiveCfg = Debug|Any CPU
		{DD46C358-E251-418E-9DC7-B31C3BC9D4E7}.AppStore|iPhone.Build.0 = Debug|Any CPU
		{DD46C358-E251-418E-9DC7-B31C3BC9D4E7}.AppStore|iPhoneSimulator.ActiveCfg = Debug|Any CPU
		{DD46C358-E251-418E-9DC7-B31C3BC9D4E7}.AppStore|iPhoneSimulator.Build.0 = Debug|Any CPU
		{DD46C358-E251-418E-9DC7-B31C3BC9D4E7}.AppStore|x64.ActiveCfg = Debug|Any CPU
		{DD46C358-E251-418E-9DC7-B31C3BC9D4E7}.AppStore|x64.Build.0 = Debug|Any CPU
		{DD46C358-E251-418E-9DC7-B31C3BC9D4E7}.AppStore|x86.ActiveCfg = Debug|Any CPU
		{DD46C358-E251-418E-9DC7-B31C3BC9D4E7}.AppStore|x86.Build.0 = Debug|Any CPU
		{DD46C358-E251-418E-9DC7-B31C3BC9D4E7}.Debug|Any CPU.ActiveCfg = Debug|Any CPU
		{DD46C358-E251-418E-9DC7-B31C3BC9D4E7}.Debug|Any CPU.Build.0 = Debug|Any CPU
		{DD46C358-E251-418E-9DC7-B31C3BC9D4E7}.Debug|ARM.ActiveCfg = Debug|Any CPU
		{DD46C358-E251-418E-9DC7-B31C3BC9D4E7}.Debug|ARM.Build.0 = Debug|Any CPU
		{DD46C358-E251-418E-9DC7-B31C3BC9D4E7}.Debug|iPhone.ActiveCfg = Debug|Any CPU
		{DD46C358-E251-418E-9DC7-B31C3BC9D4E7}.Debug|iPhone.Build.0 = Debug|Any CPU
		{DD46C358-E251-418E-9DC7-B31C3BC9D4E7}.Debug|iPhoneSimulator.ActiveCfg = Debug|Any CPU
		{DD46C358-E251-418E-9DC7-B31C3BC9D4E7}.Debug|iPhoneSimulator.Build.0 = Debug|Any CPU
		{DD46C358-E251-418E-9DC7-B31C3BC9D4E7}.Debug|x64.ActiveCfg = Debug|Any CPU
		{DD46C358-E251-418E-9DC7-B31C3BC9D4E7}.Debug|x64.Build.0 = Debug|Any CPU
		{DD46C358-E251-418E-9DC7-B31C3BC9D4E7}.Debug|x86.ActiveCfg = Debug|Any CPU
		{DD46C358-E251-418E-9DC7-B31C3BC9D4E7}.Debug|x86.Build.0 = Debug|Any CPU
		{DD46C358-E251-418E-9DC7-B31C3BC9D4E7}.Release|Any CPU.ActiveCfg = Release|Any CPU
		{DD46C358-E251-418E-9DC7-B31C3BC9D4E7}.Release|Any CPU.Build.0 = Release|Any CPU
		{DD46C358-E251-418E-9DC7-B31C3BC9D4E7}.Release|ARM.ActiveCfg = Release|Any CPU
		{DD46C358-E251-418E-9DC7-B31C3BC9D4E7}.Release|ARM.Build.0 = Release|Any CPU
		{DD46C358-E251-418E-9DC7-B31C3BC9D4E7}.Release|iPhone.ActiveCfg = Release|Any CPU
		{DD46C358-E251-418E-9DC7-B31C3BC9D4E7}.Release|iPhone.Build.0 = Release|Any CPU
		{DD46C358-E251-418E-9DC7-B31C3BC9D4E7}.Release|iPhoneSimulator.ActiveCfg = Release|Any CPU
		{DD46C358-E251-418E-9DC7-B31C3BC9D4E7}.Release|iPhoneSimulator.Build.0 = Release|Any CPU
		{DD46C358-E251-418E-9DC7-B31C3BC9D4E7}.Release|x64.ActiveCfg = Release|Any CPU
		{DD46C358-E251-418E-9DC7-B31C3BC9D4E7}.Release|x64.Build.0 = Release|Any CPU
		{DD46C358-E251-418E-9DC7-B31C3BC9D4E7}.Release|x86.ActiveCfg = Release|Any CPU
		{DD46C358-E251-418E-9DC7-B31C3BC9D4E7}.Release|x86.Build.0 = Release|Any CPU
	EndGlobalSection
	GlobalSection(SolutionProperties) = preSolution
		HideSolutionNode = FALSE
	EndGlobalSection
	GlobalSection(ExtensibilityGlobals) = postSolution
		SolutionGuid = {4AFCFA80-34E1-4C80-928A-15E2696F6E9E}
	EndGlobalSection
EndGlobal
